// !$*UTF8*$!
{
	archiveVersion = 1;
	classes = {
	};
	objectVersion = 50;
	objects = {

/* Begin PBXBuildFile section */
		3A0CD2B82267987900B640D5 /* SettingsViewPresenter.m in Sources */ = {isa = PBXBuildFile; fileRef = 3A0CD2B72267987900B640D5 /* SettingsViewPresenter.m */; };
		3A1FF0582267229F005FD751 /* SettingsView.m in Sources */ = {isa = PBXBuildFile; fileRef = 3A1FF0572267229F005FD751 /* SettingsView.m */; };
		3A1FF05D22672D5D005FD751 /* GameView.m in Sources */ = {isa = PBXBuildFile; fileRef = 3A1FF05C22672D5D005FD751 /* GameView.m */; };
		3A7B569F225C9FD600687519 /* SettingsViewController.m in Sources */ = {isa = PBXBuildFile; fileRef = 3A7B569E225C9FD600687519 /* SettingsViewController.m */; };
		3AAEE2AA22676C3D00C09B47 /* GameViewController.m in Sources */ = {isa = PBXBuildFile; fileRef = 3AAEE2A922676C3C00C09B47 /* GameViewController.m */; };
		3AAEE2AE22676DBB00C09B47 /* GameViewPresenter.m in Sources */ = {isa = PBXBuildFile; fileRef = 3AAEE2AD22676DBA00C09B47 /* GameViewPresenter.m */; };
		3AD8BA1D22678CA800E34B7A /* GameSettings.m in Sources */ = {isa = PBXBuildFile; fileRef = 3AD8BA1C22678CA800E34B7A /* GameSettings.m */; };
		3ADB0449225A2A8C00E9BEF4 /* AppDelegate.m in Sources */ = {isa = PBXBuildFile; fileRef = 3ADB0448225A2A8C00E9BEF4 /* AppDelegate.m */; };
		3ADB0451225A2A8D00E9BEF4 /* Assets.xcassets in Resources */ = {isa = PBXBuildFile; fileRef = 3ADB0450225A2A8D00E9BEF4 /* Assets.xcassets */; };
		3ADB0454225A2A8D00E9BEF4 /* LaunchScreen.storyboard in Resources */ = {isa = PBXBuildFile; fileRef = 3ADB0452225A2A8D00E9BEF4 /* LaunchScreen.storyboard */; };
		3ADB0457225A2A8D00E9BEF4 /* main.m in Sources */ = {isa = PBXBuildFile; fileRef = 3ADB0456225A2A8D00E9BEF4 /* main.m */; };
		3ADB0463225A2CB500E9BEF4 /* PaddleView.m in Sources */ = {isa = PBXBuildFile; fileRef = 3ADB0462225A2CB500E9BEF4 /* PaddleView.m */; };
		3ADB0466225A33D500E9BEF4 /* BallView.m in Sources */ = {isa = PBXBuildFile; fileRef = 3ADB0465225A33D500E9BEF4 /* BallView.m */; };
/* End PBXBuildFile section */

/* Begin PBXFileReference section */
		3A0CD2B62267982100B640D5 /* SettingsViewPresenterProtocol.h */ = {isa = PBXFileReference; lastKnownFileType = sourcecode.c.h; path = SettingsViewPresenterProtocol.h; sourceTree = "<group>"; };
		3A0CD2B72267987900B640D5 /* SettingsViewPresenter.m */ = {isa = PBXFileReference; lastKnownFileType = sourcecode.c.objc; path = SettingsViewPresenter.m; sourceTree = "<group>"; };
		3A1FF0562267229F005FD751 /* SettingsView.h */ = {isa = PBXFileReference; lastKnownFileType = sourcecode.c.h; path = SettingsView.h; sourceTree = "<group>"; };
		3A1FF0572267229F005FD751 /* SettingsView.m */ = {isa = PBXFileReference; lastKnownFileType = sourcecode.c.objc; path = SettingsView.m; sourceTree = "<group>"; };
		3A1FF059226724D3005FD751 /* SettingsViewDelegate.h */ = {isa = PBXFileReference; lastKnownFileType = sourcecode.c.h; path = SettingsViewDelegate.h; sourceTree = "<group>"; };
		3A1FF05B22672D5D005FD751 /* GameView.h */ = {isa = PBXFileReference; lastKnownFileType = sourcecode.c.h; path = GameView.h; sourceTree = "<group>"; };
		3A1FF05C22672D5D005FD751 /* GameView.m */ = {isa = PBXFileReference; lastKnownFileType = sourcecode.c.objc; path = GameView.m; sourceTree = "<group>"; };
		3A1FF05E2267305E005FD751 /* GameViewDelegate.h */ = {isa = PBXFileReference; lastKnownFileType = sourcecode.c.h; path = GameViewDelegate.h; sourceTree = "<group>"; };
		3A7B569E225C9FD600687519 /* SettingsViewController.m */ = {isa = PBXFileReference; lastKnownFileType = sourcecode.c.objc; path = SettingsViewController.m; sourceTree = "<group>"; };
		3A7B56A0225C9FE900687519 /* SettingsViewController.h */ = {isa = PBXFileReference; lastKnownFileType = sourcecode.c.h; path = SettingsViewController.h; sourceTree = "<group>"; };
		3AAEE2A822676BDA00C09B47 /* GameViewPresenterProtocol.h */ = {isa = PBXFileReference; lastKnownFileType = sourcecode.c.h; path = GameViewPresenterProtocol.h; sourceTree = "<group>"; };
		3AAEE2A922676C3C00C09B47 /* GameViewController.m */ = {isa = PBXFileReference; lastKnownFileType = sourcecode.c.objc; path = GameViewController.m; sourceTree = "<group>"; };
		3AAEE2AB22676C5300C09B47 /* GameViewController.h */ = {isa = PBXFileReference; lastKnownFileType = sourcecode.c.h; path = GameViewController.h; sourceTree = "<group>"; };
		3AAEE2AC22676D5700C09B47 /* GameViewPresenter.h */ = {isa = PBXFileReference; lastKnownFileType = sourcecode.c.h; path = GameViewPresenter.h; sourceTree = "<group>"; };
		3AAEE2AD22676DBA00C09B47 /* GameViewPresenter.m */ = {isa = PBXFileReference; lastKnownFileType = sourcecode.c.objc; path = GameViewPresenter.m; sourceTree = "<group>"; };
		3AD8BA1B22678C4C00E34B7A /* GameSettings.h */ = {isa = PBXFileReference; lastKnownFileType = sourcecode.c.h; path = GameSettings.h; sourceTree = "<group>"; };
		3AD8BA1C22678CA800E34B7A /* GameSettings.m */ = {isa = PBXFileReference; lastKnownFileType = sourcecode.c.objc; path = GameSettings.m; sourceTree = "<group>"; };
		3AD8BA202267971C00E34B7A /* SettingsViewPresenter.h */ = {isa = PBXFileReference; lastKnownFileType = sourcecode.c.h; path = SettingsViewPresenter.h; sourceTree = "<group>"; };
		3ADB0444225A2A8C00E9BEF4 /* PingPong.app */ = {isa = PBXFileReference; explicitFileType = wrapper.application; includeInIndex = 0; path = PingPong.app; sourceTree = BUILT_PRODUCTS_DIR; };
		3ADB0447225A2A8C00E9BEF4 /* AppDelegate.h */ = {isa = PBXFileReference; lastKnownFileType = sourcecode.c.h; path = AppDelegate.h; sourceTree = "<group>"; };
		3ADB0448225A2A8C00E9BEF4 /* AppDelegate.m */ = {isa = PBXFileReference; lastKnownFileType = sourcecode.c.objc; path = AppDelegate.m; sourceTree = "<group>"; };
		3ADB0450225A2A8D00E9BEF4 /* Assets.xcassets */ = {isa = PBXFileReference; lastKnownFileType = folder.assetcatalog; path = Assets.xcassets; sourceTree = "<group>"; };
		3ADB0453225A2A8D00E9BEF4 /* Base */ = {isa = PBXFileReference; lastKnownFileType = file.storyboard; name = Base; path = Base.lproj/LaunchScreen.storyboard; sourceTree = "<group>"; };
		3ADB0455225A2A8D00E9BEF4 /* Info.plist */ = {isa = PBXFileReference; lastKnownFileType = text.plist.xml; path = Info.plist; sourceTree = "<group>"; };
		3ADB0456225A2A8D00E9BEF4 /* main.m */ = {isa = PBXFileReference; lastKnownFileType = sourcecode.c.objc; path = main.m; sourceTree = "<group>"; };
		3ADB0461225A2CB500E9BEF4 /* PaddleView.h */ = {isa = PBXFileReference; lastKnownFileType = sourcecode.c.h; name = PaddleView.h; path = PingPong/PaddleView.h; sourceTree = SOURCE_ROOT; };
		3ADB0462225A2CB500E9BEF4 /* PaddleView.m */ = {isa = PBXFileReference; lastKnownFileType = sourcecode.c.objc; name = PaddleView.m; path = PingPong/PaddleView.m; sourceTree = SOURCE_ROOT; };
		3ADB0464225A33D500E9BEF4 /* BallView.h */ = {isa = PBXFileReference; lastKnownFileType = sourcecode.c.h; name = BallView.h; path = PingPong/BallView.h; sourceTree = SOURCE_ROOT; };
		3ADB0465225A33D500E9BEF4 /* BallView.m */ = {isa = PBXFileReference; lastKnownFileType = sourcecode.c.objc; name = BallView.m; path = PingPong/BallView.m; sourceTree = SOURCE_ROOT; };
/* End PBXFileReference section */

/* Begin PBXFrameworksBuildPhase section */
		3ADB0441225A2A8C00E9BEF4 /* Frameworks */ = {
			isa = PBXFrameworksBuildPhase;
			buildActionMask = 2147483647;
			files = (
			);
			runOnlyForDeploymentPostprocessing = 0;
		};
/* End PBXFrameworksBuildPhase section */

/* Begin PBXGroup section */
		3A1FF05A22672C80005FD751 /* View */ = {
			isa = PBXGroup;
			children = (
				3AAEE2AB22676C5300C09B47 /* GameViewController.h */,
				3AAEE2A922676C3C00C09B47 /* GameViewController.m */,
				3A7B56A0225C9FE900687519 /* SettingsViewController.h */,
				3A7B569E225C9FD600687519 /* SettingsViewController.m */,
				3A1FF059226724D3005FD751 /* SettingsViewDelegate.h */,
				3A1FF05E2267305E005FD751 /* GameViewDelegate.h */,
				3A1FF0562267229F005FD751 /* SettingsView.h */,
				3A1FF0572267229F005FD751 /* SettingsView.m */,
				3A1FF05B22672D5D005FD751 /* GameView.h */,
				3A1FF05C22672D5D005FD751 /* GameView.m */,
				3ADB0461225A2CB500E9BEF4 /* PaddleView.h */,
				3ADB0462225A2CB500E9BEF4 /* PaddleView.m */,
				3ADB0464225A33D500E9BEF4 /* BallView.h */,
				3ADB0465225A33D500E9BEF4 /* BallView.m */,
			);
			name = View;
			sourceTree = "<group>";
		};
		3AD8BA1E22678CBA00E34B7A /* Presenters */ = {
			isa = PBXGroup;
			children = (
				3AAEE2AC22676D5700C09B47 /* GameViewPresenter.h */,
				3AAEE2AD22676DBA00C09B47 /* GameViewPresenter.m */,
				3AAEE2A822676BDA00C09B47 /* GameViewPresenterProtocol.h */,
				3AD8BA202267971C00E34B7A /* SettingsViewPresenter.h */,
				3A0CD2B72267987900B640D5 /* SettingsViewPresenter.m */,
				3A0CD2B62267982100B640D5 /* SettingsViewPresenterProtocol.h */,
			);
			name = Presenters;
			sourceTree = "<group>";
		};
		3AD8BA1F22678CC700E34B7A /* Model */ = {
			isa = PBXGroup;
			children = (
				3AD8BA1B22678C4C00E34B7A /* GameSettings.h */,
				3AD8BA1C22678CA800E34B7A /* GameSettings.m */,
			);
			name = Model;
			sourceTree = "<group>";
		};
		3ADB043B225A2A8C00E9BEF4 = {
			isa = PBXGroup;
			children = (
				3ADB0446225A2A8C00E9BEF4 /* PingPong */,
				3ADB0445225A2A8C00E9BEF4 /* Products */,
			);
			sourceTree = "<group>";
		};
		3ADB0445225A2A8C00E9BEF4 /* Products */ = {
			isa = PBXGroup;
			children = (
				3ADB0444225A2A8C00E9BEF4 /* PingPong.app */,
			);
			name = Products;
			sourceTree = "<group>";
		};
		3ADB0446225A2A8C00E9BEF4 /* PingPong */ = {
			isa = PBXGroup;
			children = (
				3ADB0447225A2A8C00E9BEF4 /* AppDelegate.h */,
				3ADB0448225A2A8C00E9BEF4 /* AppDelegate.m */,
				3AD8BA1F22678CC700E34B7A /* Model */,
				3A1FF05A22672C80005FD751 /* View */,
				3AD8BA1E22678CBA00E34B7A /* Presenters */,
				3ADB0450225A2A8D00E9BEF4 /* Assets.xcassets */,
				3ADB0452225A2A8D00E9BEF4 /* LaunchScreen.storyboard */,
				3ADB0455225A2A8D00E9BEF4 /* Info.plist */,
				3ADB0456225A2A8D00E9BEF4 /* main.m */,
			);
			path = PingPong;
			sourceTree = "<group>";
		};
/* End PBXGroup section */

/* Begin PBXNativeTarget section */
		3ADB0443225A2A8C00E9BEF4 /* PingPong */ = {
			isa = PBXNativeTarget;
			buildConfigurationList = 3ADB045A225A2A8D00E9BEF4 /* Build configuration list for PBXNativeTarget "PingPong" */;
			buildPhases = (
				3ADB0440225A2A8C00E9BEF4 /* Sources */,
				3ADB0441225A2A8C00E9BEF4 /* Frameworks */,
				3ADB0442225A2A8C00E9BEF4 /* Resources */,
			);
			buildRules = (
			);
			dependencies = (
			);
			name = PingPong;
			productName = PingPong;
			productReference = 3ADB0444225A2A8C00E9BEF4 /* PingPong.app */;
			productType = "com.apple.product-type.application";
		};
/* End PBXNativeTarget section */

/* Begin PBXProject section */
		3ADB043C225A2A8C00E9BEF4 /* Project object */ = {
			isa = PBXProject;
			attributes = {
				LastUpgradeCheck = 1010;
				ORGANIZATIONNAME = "Anton Kuznetsov";
				TargetAttributes = {
					3ADB0443225A2A8C00E9BEF4 = {
						CreatedOnToolsVersion = 10.1;
					};
				};
			};
			buildConfigurationList = 3ADB043F225A2A8C00E9BEF4 /* Build configuration list for PBXProject "PingPong" */;
			compatibilityVersion = "Xcode 9.3";
			developmentRegion = en;
			hasScannedForEncodings = 0;
			knownRegions = (
				en,
				Base,
			);
			mainGroup = 3ADB043B225A2A8C00E9BEF4;
			productRefGroup = 3ADB0445225A2A8C00E9BEF4 /* Products */;
			projectDirPath = "";
			projectRoot = "";
			targets = (
				3ADB0443225A2A8C00E9BEF4 /* PingPong */,
			);
		};
/* End PBXProject section */

/* Begin PBXResourcesBuildPhase section */
		3ADB0442225A2A8C00E9BEF4 /* Resources */ = {
			isa = PBXResourcesBuildPhase;
			buildActionMask = 2147483647;
			files = (
				3ADB0454225A2A8D00E9BEF4 /* LaunchScreen.storyboard in Resources */,
				3ADB0451225A2A8D00E9BEF4 /* Assets.xcassets in Resources */,
			);
			runOnlyForDeploymentPostprocessing = 0;
		};
/* End PBXResourcesBuildPhase section */

/* Begin PBXSourcesBuildPhase section */
		3ADB0440225A2A8C00E9BEF4 /* Sources */ = {
			isa = PBXSourcesBuildPhase;
			buildActionMask = 2147483647;
			files = (
				3ADB0457225A2A8D00E9BEF4 /* main.m in Sources */,
				3AAEE2AE22676DBB00C09B47 /* GameViewPresenter.m in Sources */,
				3A0CD2B82267987900B640D5 /* SettingsViewPresenter.m in Sources */,
				3AAEE2AA22676C3D00C09B47 /* GameViewController.m in Sources */,
				3A1FF05D22672D5D005FD751 /* GameView.m in Sources */,
				3ADB0466225A33D500E9BEF4 /* BallView.m in Sources */,
				3AD8BA1D22678CA800E34B7A /* GameSettings.m in Sources */,
				3A7B569F225C9FD600687519 /* SettingsViewController.m in Sources */,
				3ADB0463225A2CB500E9BEF4 /* PaddleView.m in Sources */,
				3ADB0449225A2A8C00E9BEF4 /* AppDelegate.m in Sources */,
				3A1FF0582267229F005FD751 /* SettingsView.m in Sources */,
			);
			runOnlyForDeploymentPostprocessing = 0;
		};
/* End PBXSourcesBuildPhase section */

/* Begin PBXVariantGroup section */
		3ADB0452225A2A8D00E9BEF4 /* LaunchScreen.storyboard */ = {
			isa = PBXVariantGroup;
			children = (
				3ADB0453225A2A8D00E9BEF4 /* Base */,
			);
			name = LaunchScreen.storyboard;
			sourceTree = "<group>";
		};
/* End PBXVariantGroup section */

/* Begin XCBuildConfiguration section */
		3ADB0458225A2A8D00E9BEF4 /* Debug */ = {
			isa = XCBuildConfiguration;
			buildSettings = {
				ALWAYS_SEARCH_USER_PATHS = NO;
				CLANG_ANALYZER_NONNULL = YES;
				CLANG_ANALYZER_NUMBER_OBJECT_CONVERSION = YES_AGGRESSIVE;
				CLANG_CXX_LANGUAGE_STANDARD = "gnu++14";
				CLANG_CXX_LIBRARY = "libc++";
				CLANG_ENABLE_MODULES = YES;
				CLANG_ENABLE_OBJC_ARC = YES;
				CLANG_ENABLE_OBJC_WEAK = YES;
				CLANG_WARN_BLOCK_CAPTURE_AUTORELEASING = YES;
				CLANG_WARN_BOOL_CONVERSION = YES;
				CLANG_WARN_COMMA = YES;
				CLANG_WARN_CONSTANT_CONVERSION = YES;
				CLANG_WARN_DEPRECATED_OBJC_IMPLEMENTATIONS = YES;
				CLANG_WARN_DIRECT_OBJC_ISA_USAGE = YES_ERROR;
				CLANG_WARN_DOCUMENTATION_COMMENTS = YES;
				CLANG_WARN_EMPTY_BODY = YES;
				CLANG_WARN_ENUM_CONVERSION = YES;
				CLANG_WARN_INFINITE_RECURSION = YES;
				CLANG_WARN_INT_CONVERSION = YES;
				CLANG_WARN_NON_LITERAL_NULL_CONVERSION = YES;
				CLANG_WARN_OBJC_IMPLICIT_RETAIN_SELF = YES;
				CLANG_WARN_OBJC_LITERAL_CONVERSION = YES;
				CLANG_WARN_OBJC_ROOT_CLASS = YES_ERROR;
				CLANG_WARN_RANGE_LOOP_ANALYSIS = YES;
				CLANG_WARN_STRICT_PROTOTYPES = YES;
				CLANG_WARN_SUSPICIOUS_MOVE = YES;
				CLANG_WARN_UNGUARDED_AVAILABILITY = YES_AGGRESSIVE;
				CLANG_WARN_UNREACHABLE_CODE = YES;
				CLANG_WARN__DUPLICATE_METHOD_MATCH = YES;
				CODE_SIGN_IDENTITY = "iPhone Developer";
				COPY_PHASE_STRIP = NO;
				DEBUG_INFORMATION_FORMAT = dwarf;
				ENABLE_STRICT_OBJC_MSGSEND = YES;
				ENABLE_TESTABILITY = YES;
				GCC_C_LANGUAGE_STANDARD = gnu11;
				GCC_DYNAMIC_NO_PIC = NO;
				GCC_NO_COMMON_BLOCKS = YES;
				GCC_OPTIMIZATION_LEVEL = 0;
				GCC_PREPROCESSOR_DEFINITIONS = (
					"DEBUG=1",
					"$(inherited)",
				);
				GCC_WARN_64_TO_32_BIT_CONVERSION = YES;
				GCC_WARN_ABOUT_RETURN_TYPE = YES_ERROR;
				GCC_WARN_UNDECLARED_SELECTOR = YES;
				GCC_WARN_UNINITIALIZED_AUTOS = YES_AGGRESSIVE;
				GCC_WARN_UNUSED_FUNCTION = YES;
				GCC_WARN_UNUSED_VARIABLE = YES;
				IPHONEOS_DEPLOYMENT_TARGET = 12.1;
				MTL_ENABLE_DEBUG_INFO = INCLUDE_SOURCE;
				MTL_FAST_MATH = YES;
				ONLY_ACTIVE_ARCH = YES;
				SDKROOT = iphoneos;
			};
			name = Debug;
		};
		3ADB0459225A2A8D00E9BEF4 /* Release */ = {
			isa = XCBuildConfiguration;
			buildSettings = {
				ALWAYS_SEARCH_USER_PATHS = NO;
				CLANG_ANALYZER_NONNULL = YES;
				CLANG_ANALYZER_NUMBER_OBJECT_CONVERSION = YES_AGGRESSIVE;
				CLANG_CXX_LANGUAGE_STANDARD = "gnu++14";
				CLANG_CXX_LIBRARY = "libc++";
				CLANG_ENABLE_MODULES = YES;
				CLANG_ENABLE_OBJC_ARC = YES;
				CLANG_ENABLE_OBJC_WEAK = YES;
				CLANG_WARN_BLOCK_CAPTURE_AUTORELEASING = YES;
				CLANG_WARN_BOOL_CONVERSION = YES;
				CLANG_WARN_COMMA = YES;
				CLANG_WARN_CONSTANT_CONVERSION = YES;
				CLANG_WARN_DEPRECATED_OBJC_IMPLEMENTATIONS = YES;
				CLANG_WARN_DIRECT_OBJC_ISA_USAGE = YES_ERROR;
				CLANG_WARN_DOCUMENTATION_COMMENTS = YES;
				CLANG_WARN_EMPTY_BODY = YES;
				CLANG_WARN_ENUM_CONVERSION = YES;
				CLANG_WARN_INFINITE_RECURSION = YES;
				CLANG_WARN_INT_CONVERSION = YES;
				CLANG_WARN_NON_LITERAL_NULL_CONVERSION = YES;
				CLANG_WARN_OBJC_IMPLICIT_RETAIN_SELF = YES;
				CLANG_WARN_OBJC_LITERAL_CONVERSION = YES;
				CLANG_WARN_OBJC_ROOT_CLASS = YES_ERROR;
				CLANG_WARN_RANGE_LOOP_ANALYSIS = YES;
				CLANG_WARN_STRICT_PROTOTYPES = YES;
				CLANG_WARN_SUSPICIOUS_MOVE = YES;
				CLANG_WARN_UNGUARDED_AVAILABILITY = YES_AGGRESSIVE;
				CLANG_WARN_UNREACHABLE_CODE = YES;
				CLANG_WARN__DUPLICATE_METHOD_MATCH = YES;
				CODE_SIGN_IDENTITY = "iPhone Developer";
				COPY_PHASE_STRIP = NO;
				DEBUG_INFORMATION_FORMAT = "dwarf-with-dsym";
				ENABLE_NS_ASSERTIONS = NO;
				ENABLE_STRICT_OBJC_MSGSEND = YES;
				GCC_C_LANGUAGE_STANDARD = gnu11;
				GCC_NO_COMMON_BLOCKS = YES;
				GCC_WARN_64_TO_32_BIT_CONVERSION = YES;
				GCC_WARN_ABOUT_RETURN_TYPE = YES_ERROR;
				GCC_WARN_UNDECLARED_SELECTOR = YES;
				GCC_WARN_UNINITIALIZED_AUTOS = YES_AGGRESSIVE;
				GCC_WARN_UNUSED_FUNCTION = YES;
				GCC_WARN_UNUSED_VARIABLE = YES;
				IPHONEOS_DEPLOYMENT_TARGET = 12.1;
				MTL_ENABLE_DEBUG_INFO = NO;
				MTL_FAST_MATH = YES;
				SDKROOT = iphoneos;
				VALIDATE_PRODUCT = YES;
			};
			name = Release;
		};
		3ADB045B225A2A8D00E9BEF4 /* Debug */ = {
			isa = XCBuildConfiguration;
			buildSettings = {
				ASSETCATALOG_COMPILER_APPICON_NAME = AppIcon;
				CODE_SIGN_STYLE = Automatic;
				DEVELOPMENT_TEAM = Z8RKZA6P4R;
				INFOPLIST_FILE = PingPong/Info.plist;
				LD_RUNPATH_SEARCH_PATHS = (
					"$(inherited)",
					"@executable_path/Frameworks",
				);
				PRODUCT_BUNDLE_IDENTIFIER = "-r34r23.PingPong";
				PRODUCT_NAME = "$(TARGET_NAME)";
				TARGETED_DEVICE_FAMILY = "1,2";
			};
			name = Debug;
		};
		3ADB045C225A2A8D00E9BEF4 /* Release */ = {
			isa = XCBuildConfiguration;
			buildSettings = {
				ASSETCATALOG_COMPILER_APPICON_NAME = AppIcon;
				CODE_SIGN_STYLE = Automatic;
				DEVELOPMENT_TEAM = Z8RKZA6P4R;
				INFOPLIST_FILE = PingPong/Info.plist;
				LD_RUNPATH_SEARCH_PATHS = (
					"$(inherited)",
					"@executable_path/Frameworks",
				);
				PRODUCT_BUNDLE_IDENTIFIER = "-r34r23.PingPong";
				PRODUCT_NAME = "$(TARGET_NAME)";
				TARGETED_DEVICE_FAMILY = "1,2";
			};
			name = Release;
		};
/* End XCBuildConfiguration section */

/* Begin XCConfigurationList section */
		3ADB043F225A2A8C00E9BEF4 /* Build configuration list for PBXProject "PingPong" */ = {
			isa = XCConfigurationList;
			buildConfigurations = (
				3ADB0458225A2A8D00E9BEF4 /* Debug */,
				3ADB0459225A2A8D00E9BEF4 /* Release */,
			);
			defaultConfigurationIsVisible = 0;
			defaultConfigurationName = Release;
		};
		3ADB045A225A2A8D00E9BEF4 /* Build configuration list for PBXNativeTarget "PingPong" */ = {
			isa = XCConfigurationList;
			buildConfigurations = (
				3ADB045B225A2A8D00E9BEF4 /* Debug */,
				3ADB045C225A2A8D00E9BEF4 /* Release */,
			);
			defaultConfigurationIsVisible = 0;
			defaultConfigurationName = Release;
		};
/* End XCConfigurationList section */
	};
	rootObject = 3ADB043C225A2A8C00E9BEF4 /* Project object */;
}
